
Microsoft Visual Studio Solution File, Format Version 12.00
# Visual Studio Version 17
VisualStudioVersion = 17.0.31903.59
MinimumVisualStudioVersion = 10.0.40219.1
Project("{2150E333-8FDC-42A3-9474-1A3956D46DE8}") = "src", "src", "{F4119281-9534-4A09-B781-DCB1839E286A}"
EndProject
Project("{FAE04EC0-301F-11D3-BF4B-00C04F79EFBC}") = "FastBatchPlot.AutoCAD", "src\FastBatchPlot.AutoCAD\FastBatchPlot.AutoCAD.csproj", "{70C5CA9D-19E3-4504-AC65-43DEFD89D692}"
EndProject
Project("{FAE04EC0-301F-11D3-BF4B-00C04F79EFBC}") = "FastBatchPlot.CadBridge", "src\FastBatchPlot.CadBridge\FastBatchPlot.CadBridge.csproj", "{AABA753B-C246-4AB3-888C-3D0800442555}"
EndProject
Project("{FAE04EC0-301F-11D3-BF4B-00C04F79EFBC}") = "FastBatchPlot.Core", "src\FastBatchPlot.Core\FastBatchPlot.Core.csproj", "{7CD0F42C-4759-440B-A284-B67AD3BE45B7}"
EndProject
Project("{FAE04EC0-301F-11D3-BF4B-00C04F79EFBC}") = "FastBatchPlot.Tests", "src\FastBatchPlot.Tests\FastBatchPlot.Tests.csproj", "{F368DA26-C0D3-43EF-AAE6-5FFC9BEDF608}"
EndProject
Project("{FAE04EC0-301F-11D3-BF4B-00C04F79EFBC}") = "FastBatchPlot.UI", "src\FastBatchPlot.UI\FastBatchPlot.UI.csproj", "{28240831-233A-4443-AB8C-8876964D8172}"
EndProject
Project("{FAE04EC0-301F-11D3-BF4B-00C04F79EFBC}") = "FastBatchPlot.ZWCAD", "src\FastBatchPlot.ZWCAD\FastBatchPlot.ZWCAD.csproj", "{13190F09-D26F-4CC0-B01F-CC172CCF32A1}"
EndProject
Project("{FAE04EC0-301F-11D3-BF4B-00C04F79EFBC}") = "FastBatchPlot.Cli", "src\FastBatchPlot.Cli\FastBatchPlot.Cli.csproj", "{09743A0D-7070-45ED-B6E8-B1813FFD87A9}"
EndProject
Project("{FAE04EC0-301F-11D3-BF4B-00C04F79EFBC}") = "FastBatchPlot.UiChecks", "src\FastBatchPlot.UiChecks\FastBatchPlot.UiChecks.csproj", "{EE7B4B8D-5472-47B2-9C0A-046CC3C1A6D8}"
EndProject
Project("{FAE04EC0-301F-11D3-BF4B-00C04F79EFBC}") = "FastBatchPlot.FrameworkChecks", "src\FastBatchPlot.FrameworkChecks\FastBatchPlot.FrameworkChecks.csproj", "{18EF7C19-1E7D-4EB3-A6DA-4CEFB6432669}"
EndProject
Global
	GlobalSection(SolutionConfigurationPlatforms) = preSolution
		Debug|Any CPU = Debug|Any CPU
		Release|Any CPU = Release|Any CPU
	EndGlobalSection
	GlobalSection(SolutionProperties) = preSolution
		HideSolutionNode = FALSE
	EndGlobalSection
	GlobalSection(ProjectConfigurationPlatforms) = postSolution
		{70C5CA9D-19E3-4504-AC65-43DEFD89D692}.Debug|Any CPU.ActiveCfg = Debug|Any CPU
		{70C5CA9D-19E3-4504-AC65-43DEFD89D692}.Debug|Any CPU.Build.0 = Debug|Any CPU
		{70C5CA9D-19E3-4504-AC65-43DEFD89D692}.Release|Any CPU.ActiveCfg = Release|Any CPU
		{70C5CA9D-19E3-4504-AC65-43DEFD89D692}.Release|Any CPU.Build.0 = Release|Any CPU
		{AABA753B-C246-4AB3-888C-3D0800442555}.Debug|Any CPU.ActiveCfg = Debug|Any CPU
		{AABA753B-C246-4AB3-888C-3D0800442555}.Debug|Any CPU.Build.0 = Debug|Any CPU
		{AABA753B-C246-4AB3-888C-3D0800442555}.Release|Any CPU.ActiveCfg = Release|Any CPU
		{AABA753B-C246-4AB3-888C-3D0800442555}.Release|Any CPU.Build.0 = Release|Any CPU
		{7CD0F42C-4759-440B-A284-B67AD3BE45B7}.Debug|Any CPU.ActiveCfg = Debug|Any CPU
		{7CD0F42C-4759-440B-A284-B67AD3BE45B7}.Debug|Any CPU.Build.0 = Debug|Any CPU
		{7CD0F42C-4759-440B-A284-B67AD3BE45B7}.Release|Any CPU.ActiveCfg = Release|Any CPU
		{7CD0F42C-4759-440B-A284-B67AD3BE45B7}.Release|Any CPU.Build.0 = Release|Any CPU
		{F368DA26-C0D3-43EF-AAE6-5FFC9BEDF608}.Debug|Any CPU.ActiveCfg = Debug|Any CPU
		{F368DA26-C0D3-43EF-AAE6-5FFC9BEDF608}.Debug|Any CPU.Build.0 = Debug|Any CPU
		{F368DA26-C0D3-43EF-AAE6-5FFC9BEDF608}.Release|Any CPU.ActiveCfg = Release|Any CPU
		{F368DA26-C0D3-43EF-AAE6-5FFC9BEDF608}.Release|Any CPU.Build.0 = Release|Any CPU
		{28240831-233A-4443-AB8C-8876964D8172}.Debug|Any CPU.ActiveCfg = Debug|Any CPU
		{28240831-233A-4443-AB8C-8876964D8172}.Debug|Any CPU.Build.0 = Debug|Any CPU
		{28240831-233A-4443-AB8C-8876964D8172}.Release|Any CPU.ActiveCfg = Release|Any CPU
		{28240831-233A-4443-AB8C-8876964D8172}.Release|Any CPU.Build.0 = Release|Any CPU
		{13190F09-D26F-4CC0-B01F-CC172CCF32A1}.Debug|Any CPU.ActiveCfg = Debug|Any CPU
		{13190F09-D26F-4CC0-B01F-CC172CCF32A1}.Debug|Any CPU.Build.0 = Debug|Any CPU
		{13190F09-D26F-4CC0-B01F-CC172CCF32A1}.Release|Any CPU.ActiveCfg = Release|Any CPU
		{13190F09-D26F-4CC0-B01F-CC172CCF32A1}.Release|Any CPU.Build.0 = Release|Any CPU
		{09743A0D-7070-45ED-B6E8-B1813FFD87A9}.Debug|Any CPU.ActiveCfg = Debug|Any CPU
		{09743A0D-7070-45ED-B6E8-B1813FFD87A9}.Debug|Any CPU.Build.0 = Debug|Any CPU
		{09743A0D-7070-45ED-B6E8-B1813FFD87A9}.Release|Any CPU.ActiveCfg = Release|Any CPU
		{09743A0D-7070-45ED-B6E8-B1813FFD87A9}.Release|Any CPU.Build.0 = Release|Any CPU
		{EE7B4B8D-5472-47B2-9C0A-046CC3C1A6D8}.Debug|Any CPU.ActiveCfg = Debug|Any CPU
		{EE7B4B8D-5472-47B2-9C0A-046CC3C1A6D8}.Debug|Any CPU.Build.0 = Debug|Any CPU
		{EE7B4B8D-5472-47B2-9C0A-046CC3C1A6D8}.Release|Any CPU.ActiveCfg = Release|Any CPU
		{EE7B4B8D-5472-47B2-9C0A-046CC3C1A6D8}.Release|Any CPU.Build.0 = Release|Any CPU
		{18EF7C19-1E7D-4EB3-A6DA-4CEFB6432669}.Debug|Any CPU.ActiveCfg = Debug|Any CPU
		{18EF7C19-1E7D-4EB3-A6DA-4CEFB6432669}.Debug|Any CPU.Build.0 = Debug|Any CPU
		{18EF7C19-1E7D-4EB3-A6DA-4CEFB6432669}.Release|Any CPU.ActiveCfg = Release|Any CPU
		{18EF7C19-1E7D-4EB3-A6DA-4CEFB6432669}.Release|Any CPU.Build.0 = Release|Any CPU
	EndGlobalSection
	GlobalSection(NestedProjects) = preSolution
		{70C5CA9D-19E3-4504-AC65-43DEFD89D692} = {F4119281-9534-4A09-B781-DCB1839E286A}
		{AABA753B-C246-4AB3-888C-3D0800442555} = {F4119281-9534-4A09-B781-DCB1839E286A}
		{7CD0F42C-4759-440B-A284-B67AD3BE45B7} = {F4119281-9534-4A09-B781-DCB1839E286A}
		{F368DA26-C0D3-43EF-AAE6-5FFC9BEDF608} = {F4119281-9534-4A09-B781-DCB1839E286A}
		{28240831-233A-4443-AB8C-8876964D8172} = {F4119281-9534-4A09-B781-DCB1839E286A}
		{13190F09-D26F-4CC0-B01F-CC172CCF32A1} = {F4119281-9534-4A09-B781-DCB1839E286A}
		{09743A0D-7070-45ED-B6E8-B1813FFD87A9} = {F4119281-9534-4A09-B781-DCB1839E286A}
		{EE7B4B8D-5472-47B2-9C0A-046CC3C1A6D8} = {F4119281-9534-4A09-B781-DCB1839E286A}
		{18EF7C19-1E7D-4EB3-A6DA-4CEFB6432669} = {F4119281-9534-4A09-B781-DCB1839E286A}
	EndGlobalSection
EndGlobal
